
Microsoft Visual Studio Solution File, Format Version 12.00
# Visual Studio Version 16
VisualStudioVersion = 25.0.1706.8
MinimumVisualStudioVersion = 10.0.40219.1
Project("{FAE04EC0-301F-11D3-BF4B-00C04F79EFBC}") = "Week5LogicalOperators", "Week5LogicalOperators\Week5LogicalOperators.csproj", "{83BCA728-E2D9-44D4-A601-F00D76E8B37F}"
EndProject
Project("{FAE04EC0-301F-11D3-BF4B-00C04F79EFBC}") = "ANDOperator", "ANDOperator\ANDOperator.csproj", "{011CBE7F-FD58-4A32-9881-577BE237E372}"
EndProject
Project("{FAE04EC0-301F-11D3-BF4B-00C04F79EFBC}") = "OROperator", "OROperator\OROperator.csproj", "{92F5F83C-2BF1-4EE0-A744-E6F8B2C90899}"
EndProject
Project("{FAE04EC0-301F-11D3-BF4B-00C04F79EFBC}") = "ANDRanges", "ANDRanges\ANDRanges.csproj", "{38E7FA3E-AF80-4062-9AA7-E72CD45206DD}"
EndProject
Global
	GlobalSection(SolutionConfigurationPlatforms) = preSolution
		Debug|Any CPU = Debug|Any CPU
		Release|Any CPU = Release|Any CPU
	EndGlobalSection
	GlobalSection(ProjectConfigurationPlatforms) = postSolution
		{83BCA728-E2D9-44D4-A601-F00D76E8B37F}.Debug|Any CPU.ActiveCfg = Debug|Any CPU
		{83BCA728-E2D9-44D4-A601-F00D76E8B37F}.Debug|Any CPU.Build.0 = Debug|Any CPU
		{83BCA728-E2D9-44D4-A601-F00D76E8B37F}.Release|Any CPU.ActiveCfg = Release|Any CPU
		{83BCA728-E2D9-44D4-A601-F00D76E8B37F}.Release|Any CPU.Build.0 = Release|Any CPU
		{011CBE7F-FD58-4A32-9881-577BE237E372}.Debug|Any CPU.ActiveCfg = Debug|Any CPU
		{011CBE7F-FD58-4A32-9881-577BE237E372}.Debug|Any CPU.Build.0 = Debug|Any CPU
		{011CBE7F-FD58-4A32-9881-577BE237E372}.Release|Any CPU.ActiveCfg = Release|Any CPU
		{011CBE7F-FD58-4A32-9881-577BE237E372}.Release|Any CPU.Build.0 = Release|Any CPU
		{92F5F83C-2BF1-4EE0-A744-E6F8B2C90899}.Debug|Any CPU.ActiveCfg = Debug|Any CPU
		{92F5F83C-2BF1-4EE0-A744-E6F8B2C90899}.Debug|Any CPU.Build.0 = Debug|Any CPU
		{92F5F83C-2BF1-4EE0-A744-E6F8B2C90899}.Release|Any CPU.ActiveCfg = Release|Any CPU
		{92F5F83C-2BF1-4EE0-A744-E6F8B2C90899}.Release|Any CPU.Build.0 = Release|Any CPU
		{38E7FA3E-AF80-4062-9AA7-E72CD45206DD}.Debug|Any CPU.ActiveCfg = Debug|Any CPU
		{38E7FA3E-AF80-4062-9AA7-E72CD45206DD}.Debug|Any CPU.Build.0 = Debug|Any CPU
		{38E7FA3E-AF80-4062-9AA7-E72CD45206DD}.Release|Any CPU.ActiveCfg = Release|Any CPU
		{38E7FA3E-AF80-4062-9AA7-E72CD45206DD}.Release|Any CPU.Build.0 = Release|Any CPU
	EndGlobalSection
	GlobalSection(SolutionProperties) = preSolution
		HideSolutionNode = FALSE
	EndGlobalSection
	GlobalSection(ExtensibilityGlobals) = postSolution
		SolutionGuid = {05A8AEF9-0845-40E1-A811-8440346935DA}
	EndGlobalSection
EndGlobal
